
Microsoft Visual Studio Solution File, Format Version 12.00
# Visual Studio 14
VisualStudioVersion = 14.0.24720.0
MinimumVisualStudioVersion = 10.0.40219.1
Project("{FAE04EC0-301F-11D3-BF4B-00C04F79EFBC}") = "coffee", "coffee\coffee.csproj", "{308592EF-FD69-4DC1-81C1-021531CC5FB0}"
EndProject
Project("{FAE04EC0-301F-11D3-BF4B-00C04F79EFBC}") = "CoffeeMvcTest", "CoffeeMvcTest\CoffeeMvcTest.csproj", "{8A9422C2-49DC-4133-BC92-0B895B3A4CC3}"
EndProject
Project("{CC5FD16D-436D-48AD-A40C-5A424C6E3E79}") = "coffee.Azure1", "coffee.Azure1\coffee.Azure1.ccproj", "{C4A3F3DE-E7AC-49BA-BD46-E0044DB57BFA}"
EndProject
Project("{2150E333-8FDC-42A3-9474-1A3956D46DE8}") = "Solution Items", "Solution Items", "{32490C08-C921-4707-B07C-098B8C082C9E}"
	ProjectSection(SolutionItems) = preProject
		Local.testsettings = Local.testsettings
	EndProjectSection
EndProject
Global
	GlobalSection(SolutionConfigurationPlatforms) = preSolution
		Debug|Any CPU = Debug|Any CPU
		Release|Any CPU = Release|Any CPU
	EndGlobalSection
	GlobalSection(ProjectConfigurationPlatforms) = postSolution
		{308592EF-FD69-4DC1-81C1-021531CC5FB0}.Debug|Any CPU.ActiveCfg = Debug|Any CPU
		{308592EF-FD69-4DC1-81C1-021531CC5FB0}.Debug|Any CPU.Build.0 = Debug|Any CPU
		{308592EF-FD69-4DC1-81C1-021531CC5FB0}.Release|Any CPU.ActiveCfg = Release|Any CPU
		{308592EF-FD69-4DC1-81C1-021531CC5FB0}.Release|Any CPU.Build.0 = Release|Any CPU
		{8A9422C2-49DC-4133-BC92-0B895B3A4CC3}.Debug|Any CPU.ActiveCfg = Debug|Any CPU
		{8A9422C2-49DC-4133-BC92-0B895B3A4CC3}.Debug|Any CPU.Build.0 = Debug|Any CPU
		{8A9422C2-49DC-4133-BC92-0B895B3A4CC3}.Release|Any CPU.ActiveCfg = Release|Any CPU
		{8A9422C2-49DC-4133-BC92-0B895B3A4CC3}.Release|Any CPU.Build.0 = Release|Any CPU
		{C4A3F3DE-E7AC-49BA-BD46-E0044DB57BFA}.Debug|Any CPU.ActiveCfg = Debug|Any CPU
		{C4A3F3DE-E7AC-49BA-BD46-E0044DB57BFA}.Debug|Any CPU.Build.0 = Debug|Any CPU
		{C4A3F3DE-E7AC-49BA-BD46-E0044DB57BFA}.Release|Any CPU.ActiveCfg = Release|Any CPU
		{C4A3F3DE-E7AC-49BA-BD46-E0044DB57BFA}.Release|Any CPU.Build.0 = Release|Any CPU
	EndGlobalSection
	GlobalSection(SolutionProperties) = preSolution
		HideSolutionNode = FALSE
	EndGlobalSection
EndGlobal
